
Microsoft Visual Studio Solution File, Format Version 12.00
# Visual Studio 14
VisualStudioVersion = 14.0.25420.1
MinimumVisualStudioVersion = 10.0.40219.1
Project("{2150E333-8FDC-42A3-9474-1A3956D46DE8}") = "src", "src", "{6CD5C7A3-EF65-4EFF-A8C1-7CEF06147BA7}"
EndProject
Project("{2150E333-8FDC-42A3-9474-1A3956D46DE8}") = "Solution Items", "Solution Items", "{2AA6021D-746F-437C-BCAD-BBAC0134AAEE}"
	ProjectSection(SolutionItems) = preProject
		global.json = global.json
	EndProjectSection
EndProject
Project("{8BB2217D-0F2D-49D1-97BC-3654ED321F3B}") = "BusinessGear", "src\BusinessGear\BusinessGear.xproj", "{61E7A521-83FE-467B-8EAB-6FCA0F4E66CD}"
EndProject
Global
	GlobalSection(SolutionConfigurationPlatforms) = preSolution
		Debug|Any CPU = Debug|Any CPU
		Release|Any CPU = Release|Any CPU
	EndGlobalSection
	GlobalSection(ProjectConfigurationPlatforms) = postSolution
		{61E7A521-83FE-467B-8EAB-6FCA0F4E66CD}.Debug|Any CPU.ActiveCfg = Debug|Any CPU
		{61E7A521-83FE-467B-8EAB-6FCA0F4E66CD}.Debug|Any CPU.Build.0 = Debug|Any CPU
		{61E7A521-83FE-467B-8EAB-6FCA0F4E66CD}.Release|Any CPU.ActiveCfg = Release|Any CPU
		{61E7A521-83FE-467B-8EAB-6FCA0F4E66CD}.Release|Any CPU.Build.0 = Release|Any CPU
	EndGlobalSection
	GlobalSection(SolutionProperties) = preSolution
		HideSolutionNode = FALSE
	EndGlobalSection
	GlobalSection(NestedProjects) = preSolution
		{61E7A521-83FE-467B-8EAB-6FCA0F4E66CD} = {6CD5C7A3-EF65-4EFF-A8C1-7CEF06147BA7}
	EndGlobalSection
EndGlobal
